
Microsoft Visual Studio Solution File, Format Version 12.00
# Visual Studio Version 17
VisualStudioVersion = 17.14.36811.4 d17.14
MinimumVisualStudioVersion = 10.0.40219.1
Project("{FAE04EC0-301F-11D3-BF4B-00C04F79EFBC}") = "server", "server.csproj", "{75B97990-0C88-4C4F-B3E8-ABCCBD461FFE}"
EndProject
Global
	GlobalSection(SolutionConfigurationPlatforms) = preSolution
		Debug|Any CPU = Debug|Any CPU
		Release|Any CPU = Release|Any CPU
	EndGlobalSection
	GlobalSection(ProjectConfigurationPlatforms) = postSolution
		{75B97990-0C88-4C4F-B3E8-ABCCBD461FFE}.Debug|Any CPU.ActiveCfg = Debug|Any CPU
		{75B97990-0C88-4C4F-B3E8-ABCCBD461FFE}.Debug|Any CPU.Build.0 = Debug|Any CPU
		{75B97990-0C88-4C4F-B3E8-ABCCBD461FFE}.Release|Any CPU.ActiveCfg = Release|Any CPU
		{75B97990-0C88-4C4F-B3E8-ABCCBD461FFE}.Release|Any CPU.Build.0 = Release|Any CPU
	EndGlobalSection
	GlobalSection(SolutionProperties) = preSolution
		HideSolutionNode = FALSE
	EndGlobalSection
	GlobalSection(ExtensibilityGlobals) = postSolution
		SolutionGuid = {051A7930-2EEE-42F3-BF9F-61EE60C3C608}
	EndGlobalSection
EndGlobal
